
Microsoft Visual Studio Solution File, Format Version 12.00
# Visual Studio Version 17
VisualStudioVersion = 17.9.34728.123
MinimumVisualStudioVersion = 10.0.40219.1
Project("{2150E333-8FDC-42A3-9474-1A3956D46DE8}") = "Docs", "Docs", "{CD82B624-4C7E-4C84-89F4-016308E26578}"
	ProjectSection(SolutionItems) = preProject
		README.md = README.md
	EndProjectSection
EndProject
Project("{2150E333-8FDC-42A3-9474-1A3956D46DE8}") = "Business", "Business", "{279DDB54-0DB7-4211-91CB-C5F8BED6AD85}"
EndProject
Project("{2150E333-8FDC-42A3-9474-1A3956D46DE8}") = "Infrastructure", "Infrastructure", "{FEF52D74-4F46-418A-87C4-185193399C91}"
EndProject
Project("{2150E333-8FDC-42A3-9474-1A3956D46DE8}") = "Presentation", "Presentation", "{6E93B534-3C12-4A93-ADD4-74B0FB737916}"
EndProject
Project("{9A19103F-16F7-4668-BE54-9A1E7A4F7556}") = "Application", "Service\Application.csproj", "{C2507837-63AB-47DD-9CDE-F96B549354B0}"
EndProject
Project("{9A19103F-16F7-4668-BE54-9A1E7A4F7556}") = "Infrastructure", "Infrastructure\Infrastructure.csproj", "{ED665426-D2BB-4633-BFBA-15C43B77667B}"
EndProject
Project("{2150E333-8FDC-42A3-9474-1A3956D46DE8}") = "Core", "Core", "{187AA991-D506-4B00-BB36-E5A17805F61F}"
EndProject
Project("{9A19103F-16F7-4668-BE54-9A1E7A4F7556}") = "Core", "Core\Core.csproj", "{9A0C4BC2-B211-4DC7-A6DA-6E8ACE3DF86D}"
EndProject
Project("{9A19103F-16F7-4668-BE54-9A1E7A4F7556}") = "API", "API\API.csproj", "{0DF27ADF-C3DD-4856-A317-CB897D166C78}"
EndProject
Project("{9A19103F-16F7-4668-BE54-9A1E7A4F7556}") = "BaseWebsite", "BaseWebsite\BaseWebsite.csproj", "{173439A4-73F1-429B-99E3-D8493ED76278}"
EndProject
Global
	GlobalSection(SolutionConfigurationPlatforms) = preSolution
		Debug|Any CPU = Debug|Any CPU
		Release|Any CPU = Release|Any CPU
	EndGlobalSection
	GlobalSection(ProjectConfigurationPlatforms) = postSolution
		{C2507837-63AB-47DD-9CDE-F96B549354B0}.Debug|Any CPU.ActiveCfg = Debug|Any CPU
		{C2507837-63AB-47DD-9CDE-F96B549354B0}.Debug|Any CPU.Build.0 = Debug|Any CPU
		{C2507837-63AB-47DD-9CDE-F96B549354B0}.Release|Any CPU.ActiveCfg = Release|Any CPU
		{C2507837-63AB-47DD-9CDE-F96B549354B0}.Release|Any CPU.Build.0 = Release|Any CPU
		{ED665426-D2BB-4633-BFBA-15C43B77667B}.Debug|Any CPU.ActiveCfg = Debug|Any CPU
		{ED665426-D2BB-4633-BFBA-15C43B77667B}.Debug|Any CPU.Build.0 = Debug|Any CPU
		{ED665426-D2BB-4633-BFBA-15C43B77667B}.Release|Any CPU.ActiveCfg = Release|Any CPU
		{ED665426-D2BB-4633-BFBA-15C43B77667B}.Release|Any CPU.Build.0 = Release|Any CPU
		{9A0C4BC2-B211-4DC7-A6DA-6E8ACE3DF86D}.Debug|Any CPU.ActiveCfg = Debug|Any CPU
		{9A0C4BC2-B211-4DC7-A6DA-6E8ACE3DF86D}.Debug|Any CPU.Build.0 = Debug|Any CPU
		{9A0C4BC2-B211-4DC7-A6DA-6E8ACE3DF86D}.Release|Any CPU.ActiveCfg = Release|Any CPU
		{9A0C4BC2-B211-4DC7-A6DA-6E8ACE3DF86D}.Release|Any CPU.Build.0 = Release|Any CPU
		{0DF27ADF-C3DD-4856-A317-CB897D166C78}.Debug|Any CPU.ActiveCfg = Debug|Any CPU
		{0DF27ADF-C3DD-4856-A317-CB897D166C78}.Debug|Any CPU.Build.0 = Debug|Any CPU
		{0DF27ADF-C3DD-4856-A317-CB897D166C78}.Release|Any CPU.ActiveCfg = Release|Any CPU
		{0DF27ADF-C3DD-4856-A317-CB897D166C78}.Release|Any CPU.Build.0 = Release|Any CPU
		{173439A4-73F1-429B-99E3-D8493ED76278}.Debug|Any CPU.ActiveCfg = Debug|Any CPU
		{173439A4-73F1-429B-99E3-D8493ED76278}.Debug|Any CPU.Build.0 = Debug|Any CPU
		{173439A4-73F1-429B-99E3-D8493ED76278}.Release|Any CPU.ActiveCfg = Release|Any CPU
		{173439A4-73F1-429B-99E3-D8493ED76278}.Release|Any CPU.Build.0 = Release|Any CPU
	EndGlobalSection
	GlobalSection(SolutionProperties) = preSolution
		HideSolutionNode = FALSE
	EndGlobalSection
	GlobalSection(NestedProjects) = preSolution
		{C2507837-63AB-47DD-9CDE-F96B549354B0} = {279DDB54-0DB7-4211-91CB-C5F8BED6AD85}
		{ED665426-D2BB-4633-BFBA-15C43B77667B} = {FEF52D74-4F46-418A-87C4-185193399C91}
		{9A0C4BC2-B211-4DC7-A6DA-6E8ACE3DF86D} = {187AA991-D506-4B00-BB36-E5A17805F61F}
		{0DF27ADF-C3DD-4856-A317-CB897D166C78} = {6E93B534-3C12-4A93-ADD4-74B0FB737916}
		{173439A4-73F1-429B-99E3-D8493ED76278} = {6E93B534-3C12-4A93-ADD4-74B0FB737916}
	EndGlobalSection
	GlobalSection(ExtensibilityGlobals) = postSolution
		SolutionGuid = {85D548BB-EF28-40D3-ACDF-52D465A86E53}
	EndGlobalSection
EndGlobal
